
Microsoft Visual Studio Solution File, Format Version 12.00
# Visual Studio Version 17
VisualStudioVersion = 17.11.35219.272
MinimumVisualStudioVersion = 10.0.40219.1
Project("{FAE04EC0-301F-11D3-BF4B-00C04F79EFBC}") = "AmazonWebApp", "AmazonWebApp\AmazonWebApp.csproj", "{9E06B70D-B699-4723-9E61-1E639EDC2C5A}"
EndProject
Global
	GlobalSection(SolutionConfigurationPlatforms) = preSolution
		Debug|Any CPU = Debug|Any CPU
		Release|Any CPU = Release|Any CPU
	EndGlobalSection
	GlobalSection(ProjectConfigurationPlatforms) = postSolution
		{9E06B70D-B699-4723-9E61-1E639EDC2C5A}.Debug|Any CPU.ActiveCfg = Debug|Any CPU
		{9E06B70D-B699-4723-9E61-1E639EDC2C5A}.Debug|Any CPU.Build.0 = Debug|Any CPU
		{9E06B70D-B699-4723-9E61-1E639EDC2C5A}.Release|Any CPU.ActiveCfg = Release|Any CPU
		{9E06B70D-B699-4723-9E61-1E639EDC2C5A}.Release|Any CPU.Build.0 = Release|Any CPU
	EndGlobalSection
	GlobalSection(SolutionProperties) = preSolution
		HideSolutionNode = FALSE
	EndGlobalSection
	GlobalSection(ExtensibilityGlobals) = postSolution
		SolutionGuid = {DE3A7AF3-7A74-4A40-80B0-08D54D86FFB7}
	EndGlobalSection
EndGlobal
